
Microsoft Visual Studio Solution File, Format Version 12.00
# Visual Studio Version 16
VisualStudioVersion = 16.0.31515.178
MinimumVisualStudioVersion = 10.0.40219.1
Project("{FAE04EC0-301F-11D3-BF4B-00C04F79EFBC}") = "proses tombol array", "proses tombol array\proses tombol array.csproj", "{EBA3E7DE-FB61-4E84-BD14-44E64958E865}"
EndProject
Global
	GlobalSection(SolutionConfigurationPlatforms) = preSolution
		Debug|Any CPU = Debug|Any CPU
		Release|Any CPU = Release|Any CPU
	EndGlobalSection
	GlobalSection(ProjectConfigurationPlatforms) = postSolution
		{EBA3E7DE-FB61-4E84-BD14-44E64958E865}.Debug|Any CPU.ActiveCfg = Debug|Any CPU
		{EBA3E7DE-FB61-4E84-BD14-44E64958E865}.Debug|Any CPU.Build.0 = Debug|Any CPU
		{EBA3E7DE-FB61-4E84-BD14-44E64958E865}.Release|Any CPU.ActiveCfg = Release|Any CPU
		{EBA3E7DE-FB61-4E84-BD14-44E64958E865}.Release|Any CPU.Build.0 = Release|Any CPU
	EndGlobalSection
	GlobalSection(SolutionProperties) = preSolution
		HideSolutionNode = FALSE
	EndGlobalSection
	GlobalSection(ExtensibilityGlobals) = postSolution
		SolutionGuid = {2B723C0D-7538-41AE-8616-CD6855822A91}
	EndGlobalSection
EndGlobal
