
Microsoft Visual Studio Solution File, Format Version 12.00
# Visual Studio Version 16
VisualStudioVersion = 16.0.31515.178
MinimumVisualStudioVersion = 10.0.40219.1
Project("{FAE04EC0-301F-11D3-BF4B-00C04F79EFBC}") = "WindowsFormsApp1 week10", "WindowsFormsApp1 week10\WindowsFormsApp1 week10.csproj", "{0483EBAD-DCE7-43CB-91BA-CA2B4E373F9C}"
EndProject
Global
	GlobalSection(SolutionConfigurationPlatforms) = preSolution
		Debug|Any CPU = Debug|Any CPU
		Release|Any CPU = Release|Any CPU
	EndGlobalSection
	GlobalSection(ProjectConfigurationPlatforms) = postSolution
		{0483EBAD-DCE7-43CB-91BA-CA2B4E373F9C}.Debug|Any CPU.ActiveCfg = Debug|Any CPU
		{0483EBAD-DCE7-43CB-91BA-CA2B4E373F9C}.Debug|Any CPU.Build.0 = Debug|Any CPU
		{0483EBAD-DCE7-43CB-91BA-CA2B4E373F9C}.Release|Any CPU.ActiveCfg = Release|Any CPU
		{0483EBAD-DCE7-43CB-91BA-CA2B4E373F9C}.Release|Any CPU.Build.0 = Release|Any CPU
	EndGlobalSection
	GlobalSection(SolutionProperties) = preSolution
		HideSolutionNode = FALSE
	EndGlobalSection
	GlobalSection(ExtensibilityGlobals) = postSolution
		SolutionGuid = {1EA9A370-58FE-4765-A139-F93E784F0CA4}
	EndGlobalSection
EndGlobal
