
Microsoft Visual Studio Solution File, Format Version 12.00
# Visual Studio Version 16
VisualStudioVersion = 16.0.31515.178
MinimumVisualStudioVersion = 10.0.40219.1
Project("{FAE04EC0-301F-11D3-BF4B-00C04F79EFBC}") = "WindowsFormsApp1 test w8", "WindowsFormsApp1 test w8\WindowsFormsApp1 test w8.csproj", "{894FEA26-7C7C-422D-85FC-13BC21EA5B0E}"
EndProject
Global
	GlobalSection(SolutionConfigurationPlatforms) = preSolution
		Debug|Any CPU = Debug|Any CPU
		Release|Any CPU = Release|Any CPU
	EndGlobalSection
	GlobalSection(ProjectConfigurationPlatforms) = postSolution
		{894FEA26-7C7C-422D-85FC-13BC21EA5B0E}.Debug|Any CPU.ActiveCfg = Debug|Any CPU
		{894FEA26-7C7C-422D-85FC-13BC21EA5B0E}.Debug|Any CPU.Build.0 = Debug|Any CPU
		{894FEA26-7C7C-422D-85FC-13BC21EA5B0E}.Release|Any CPU.ActiveCfg = Release|Any CPU
		{894FEA26-7C7C-422D-85FC-13BC21EA5B0E}.Release|Any CPU.Build.0 = Release|Any CPU
	EndGlobalSection
	GlobalSection(SolutionProperties) = preSolution
		HideSolutionNode = FALSE
	EndGlobalSection
	GlobalSection(ExtensibilityGlobals) = postSolution
		SolutionGuid = {FEB31260-28B5-44D2-89C0-25EE6B76E352}
	EndGlobalSection
EndGlobal
