
Microsoft Visual Studio Solution File, Format Version 12.00
# Visual Studio Version 16
VisualStudioVersion = 16.0.31515.178
MinimumVisualStudioVersion = 10.0.40219.1
Project("{FAE04EC0-301F-11D3-BF4B-00C04F79EFBC}") = "ngitung si Ali", "ngitung si Ali\ngitung si Ali.csproj", "{26029FE1-8E0A-4C8C-A79E-5E9311F65C41}"
EndProject
Global
	GlobalSection(SolutionConfigurationPlatforms) = preSolution
		Debug|Any CPU = Debug|Any CPU
		Release|Any CPU = Release|Any CPU
	EndGlobalSection
	GlobalSection(ProjectConfigurationPlatforms) = postSolution
		{26029FE1-8E0A-4C8C-A79E-5E9311F65C41}.Debug|Any CPU.ActiveCfg = Debug|Any CPU
		{26029FE1-8E0A-4C8C-A79E-5E9311F65C41}.Debug|Any CPU.Build.0 = Debug|Any CPU
		{26029FE1-8E0A-4C8C-A79E-5E9311F65C41}.Release|Any CPU.ActiveCfg = Release|Any CPU
		{26029FE1-8E0A-4C8C-A79E-5E9311F65C41}.Release|Any CPU.Build.0 = Release|Any CPU
	EndGlobalSection
	GlobalSection(SolutionProperties) = preSolution
		HideSolutionNode = FALSE
	EndGlobalSection
	GlobalSection(ExtensibilityGlobals) = postSolution
		SolutionGuid = {42AE990C-8BFD-4372-B385-585762182782}
	EndGlobalSection
EndGlobal
