
Microsoft Visual Studio Solution File, Format Version 12.00
# Visual Studio Version 16
VisualStudioVersion = 16.0.31515.178
MinimumVisualStudioVersion = 10.0.40219.1
Project("{FAE04EC0-301F-11D3-BF4B-00C04F79EFBC}") = "inheritance form", "inheritance form\inheritance form.csproj", "{DDD479F9-AA52-4713-B0F4-94269960D230}"
EndProject
Global
	GlobalSection(SolutionConfigurationPlatforms) = preSolution
		Debug|Any CPU = Debug|Any CPU
		Release|Any CPU = Release|Any CPU
	EndGlobalSection
	GlobalSection(ProjectConfigurationPlatforms) = postSolution
		{DDD479F9-AA52-4713-B0F4-94269960D230}.Debug|Any CPU.ActiveCfg = Debug|Any CPU
		{DDD479F9-AA52-4713-B0F4-94269960D230}.Debug|Any CPU.Build.0 = Debug|Any CPU
		{DDD479F9-AA52-4713-B0F4-94269960D230}.Release|Any CPU.ActiveCfg = Release|Any CPU
		{DDD479F9-AA52-4713-B0F4-94269960D230}.Release|Any CPU.Build.0 = Release|Any CPU
	EndGlobalSection
	GlobalSection(SolutionProperties) = preSolution
		HideSolutionNode = FALSE
	EndGlobalSection
	GlobalSection(ExtensibilityGlobals) = postSolution
		SolutionGuid = {D40D1B3F-DB4E-403B-8263-7D2D9595F6B5}
	EndGlobalSection
EndGlobal
