
Microsoft Visual Studio Solution File, Format Version 12.00
# Visual Studio Version 16
VisualStudioVersion = 16.0.31515.178
MinimumVisualStudioVersion = 10.0.40219.1
Project("{FAE04EC0-301F-11D3-BF4B-00C04F79EFBC}") = "ConsoleApp1", "ConsoleApp1\ConsoleApp1.csproj", "{CA52CA6A-3514-4D30-8A5A-30E67F3AD504}"
EndProject
Global
	GlobalSection(SolutionConfigurationPlatforms) = preSolution
		Debug|Any CPU = Debug|Any CPU
		Release|Any CPU = Release|Any CPU
	EndGlobalSection
	GlobalSection(ProjectConfigurationPlatforms) = postSolution
		{CA52CA6A-3514-4D30-8A5A-30E67F3AD504}.Debug|Any CPU.ActiveCfg = Debug|Any CPU
		{CA52CA6A-3514-4D30-8A5A-30E67F3AD504}.Debug|Any CPU.Build.0 = Debug|Any CPU
		{CA52CA6A-3514-4D30-8A5A-30E67F3AD504}.Release|Any CPU.ActiveCfg = Release|Any CPU
		{CA52CA6A-3514-4D30-8A5A-30E67F3AD504}.Release|Any CPU.Build.0 = Release|Any CPU
	EndGlobalSection
	GlobalSection(SolutionProperties) = preSolution
		HideSolutionNode = FALSE
	EndGlobalSection
	GlobalSection(ExtensibilityGlobals) = postSolution
		SolutionGuid = {745CB776-0F16-489C-95E5-366872A12746}
	EndGlobalSection
EndGlobal
