
Microsoft Visual Studio Solution File, Format Version 12.00
# Visual Studio Version 16
VisualStudioVersion = 16.0.31515.178
MinimumVisualStudioVersion = 10.0.40219.1
Project("{FAE04EC0-301F-11D3-BF4B-00C04F79EFBC}") = "week 3 hitung dan tombol advance", "week 3 hitung dan tombol advance\week 3 hitung dan tombol advance.csproj", "{22774F9F-41FE-466A-8CF4-27DAB7E546AD}"
EndProject
Global
	GlobalSection(SolutionConfigurationPlatforms) = preSolution
		Debug|Any CPU = Debug|Any CPU
		Release|Any CPU = Release|Any CPU
	EndGlobalSection
	GlobalSection(ProjectConfigurationPlatforms) = postSolution
		{22774F9F-41FE-466A-8CF4-27DAB7E546AD}.Debug|Any CPU.ActiveCfg = Debug|Any CPU
		{22774F9F-41FE-466A-8CF4-27DAB7E546AD}.Debug|Any CPU.Build.0 = Debug|Any CPU
		{22774F9F-41FE-466A-8CF4-27DAB7E546AD}.Release|Any CPU.ActiveCfg = Release|Any CPU
		{22774F9F-41FE-466A-8CF4-27DAB7E546AD}.Release|Any CPU.Build.0 = Release|Any CPU
	EndGlobalSection
	GlobalSection(SolutionProperties) = preSolution
		HideSolutionNode = FALSE
	EndGlobalSection
	GlobalSection(ExtensibilityGlobals) = postSolution
		SolutionGuid = {645A91D5-CCD0-48F9-B9AE-2A28D5788369}
	EndGlobalSection
EndGlobal
